{
    "_meta": {
        "hash": {
            "sha256": "85e57179955a380ea69c42382cf4bbd936dae95d1a3c4d334c8b21c76c69063b"
        },
        "host-environment-markers": {
            "implementation_name": "cpython",
            "implementation_version": "3.6.3",
            "os_name": "posix",
            "platform_machine": "x86_64",
            "platform_python_implementation": "CPython",
            "platform_release": "16.7.0",
            "platform_system": "Darwin",
            "platform_version": "Darwin Kernel Version 16.7.0: Mon Nov 13 21:56:25 PST 2017; root:xnu-3789.72.11~1/RELEASE_X86_64",
            "python_full_version": "3.6.3",
            "python_version": "3.6",
            "sys_platform": "darwin"
        },
        "pipfile-spec": 6,
        "requires": {
            "python_version": "3.6"
        },
        "sources": [
            {
                "name": "pypi",
                "url": "https://pypi.python.org/simple",
                "verify_ssl": true
            }
        ]
    },
    "default": {
        "alembic": {
            "hashes": [],
            "version": "==0.8.10"
        },
        "apache-airflow": {
            "hashes": [],
            "version": "==1.9.0"
        },
        "aspy.yaml": {
            "hashes": [],
            "version": "==1.0.0"
        },
        "attrs": {
            "hashes": [],
            "version": "==17.4.0"
        },
        "bleach": {
            "hashes": [],
            "version": "==2.1.2"
        },
        "boto": {
            "hashes": [],
            "version": "==2.48.0"
        },
        "cached-property": {
            "hashes": [],
            "version": "==1.4.0"
        },
        "certifi": {
            "hashes": [],
            "version": "==2018.1.18"
        },
        "cfgv": {
            "hashes": [],
            "version": "==1.0.0"
        },
        "chardet": {
            "hashes": [],
            "version": "==3.0.4"
        },
        "click": {
            "hashes": [],
            "version": "==6.7"
        },
        "codecov": {
            "hashes": [],
            "version": "==2.0.15"
        },
        "configparser": {
            "hashes": [],
            "version": "==3.5.0"
        },
        "coverage": {
            "hashes": [],
            "version": "==4.5.1"
        },
        "croniter": {
            "hashes": [],
            "version": "==0.3.20"
        },
        "dill": {
            "hashes": [],
            "version": "==0.2.7.1"
        },
        "docutils": {
            "hashes": [],
            "version": "==0.14"
        },
        "filechunkio": {
            "hashes": [],
            "version": "==1.8"
        },
        "flask": {
            "hashes": [],
            "version": "==0.11.1"
        },
        "flask-admin": {
            "hashes": [],
            "version": "==1.4.1"
        },
        "flask-cache": {
            "hashes": [],
            "version": "==0.13.1"
        },
        "flask-login": {
            "hashes": [],
            "version": "==0.2.11"
        },
        "flask-swagger": {
            "hashes": [],
            "version": "==0.2.13"
        },
        "flask-wtf": {
            "hashes": [],
            "version": "==0.14"
        },
        "freezegun": {
            "hashes": [],
            "version": "==0.3.10"
        },
        "funcsigs": {
            "hashes": [],
            "version": "==1.0.0"
        },
        "future": {
            "hashes": [],
            "version": "==0.16.0"
        },
        "gitdb2": {
            "hashes": [],
            "version": "==2.0.3"
        },
        "gitpython": {
            "hashes": [],
            "version": "==2.1.9"
        },
        "gunicorn": {
            "hashes": [],
            "version": "==19.7.1"
        },
        "honcho": {
            "hashes": [],
            "version": "==1.0.1"
        },
        "html5lib": {
            "hashes": [],
            "version": "==1.0.1"
        },
        "identify": {
            "hashes": [],
            "version": "==1.0.8"
        },
        "idna": {
            "hashes": [],
            "version": "==2.6"
        },
        "itsdangerous": {
            "hashes": [],
            "version": "==0.24"
        },
        "jinja2": {
            "hashes": [],
            "version": "==2.8.1"
        },
        "lockfile": {
            "hashes": [],
            "version": "==0.12.2"
        },
        "lxml": {
            "hashes": [],
            "version": "==3.8.0"
        },
        "mako": {
            "hashes": [],
            "version": "==1.0.7"
        },
        "markdown": {
            "hashes": [],
            "version": "==2.6.11"
        },
        "markupsafe": {
            "hashes": [],
            "version": "==1.0"
        },
        "more-itertools": {
            "hashes": [],
            "version": "==4.1.0"
        },
        "nodeenv": {
            "hashes": [],
            "version": "==1.3.0"
        },
        "numpy": {
            "hashes": [],
            "version": "==1.14.2"
        },
        "ordereddict": {
            "hashes": [],
            "version": "==1.1"
        },
        "pandas": {
            "hashes": [],
            "version": "==0.22.0"
        },
        "pluggy": {
            "hashes": [],
            "version": "==0.6.0"
        },
        "pre-commit": {
            "hashes": [],
            "version": "==1.8.2"
        },
        "psutil": {
            "hashes": [],
            "version": "==4.4.2"
        },
        "py": {
            "hashes": [],
            "version": "==1.5.3"
        },
        "pygments": {
            "hashes": [],
            "version": "==2.2.0"
        },
        "pytest": {
            "hashes": [],
            "version": "==3.5.0"
        },
        "pytest-cov": {
            "hashes": [],
            "version": "==2.5.1"
        },
        "python-daemon": {
            "hashes": [],
            "version": "==2.1.2"
        },
        "python-dateutil": {
            "hashes": [],
            "version": "==2.7.2"
        },
        "python-dotenv": {
            "hashes": [],
            "version": "==0.8.2"
        },
        "python-editor": {
            "hashes": [],
            "version": "==1.0.3"
        },
        "python-nvd3": {
            "hashes": [],
            "version": "==0.14.2"
        },
        "python-slugify": {
            "hashes": [],
            "version": "==1.1.4"
        },
        "pytz": {
            "hashes": [],
            "version": "==2018.3"
        },
        "pyyaml": {
            "hashes": [],
            "version": "==3.12"
        },
        "requests": {
            "hashes": [],
            "version": "==2.18.4"
        },
        "setproctitle": {
            "hashes": [],
            "version": "==1.1.10"
        },
        "six": {
            "hashes": [],
            "version": "==1.11.0"
        },
        "smmap2": {
            "hashes": [],
            "version": "==2.0.3"
        },
        "sqlalchemy": {
            "hashes": [],
            "version": "==1.2.6"
        },
        "tabulate": {
            "hashes": [],
            "version": "==0.7.7"
        },
        "thrift": {
            "hashes": [],
            "version": "==0.11.0"
        },
        "unidecode": {
            "hashes": [],
            "version": "==1.0.22"
        },
        "urllib3": {
            "hashes": [],
            "version": "==1.22"
        },
        "virtualenv": {
            "hashes": [],
            "version": "==15.2.0"
        },
        "webencodings": {
            "hashes": [],
            "version": "==0.5.1"
        },
        "werkzeug": {
            "hashes": [],
            "version": "==0.14.1"
        },
        "wtforms": {
            "hashes": [],
            "version": "==2.1"
        },
        "zope.deprecation": {
            "hashes": [],
            "version": "==4.3.0"
        }
    },
    "develop": {}
}
